
Microsoft Visual Studio Solution File, Format Version 12.00
# Visual Studio 15
VisualStudioVersion = 15.0.27130.2036
MinimumVisualStudioVersion = 10.0.40219.1
Project("{9A19103F-16F7-4668-BE54-9A1E7A4F7556}") = "Software Management Course Website", "Software Management Course Website\Software Management Course Website.csproj", "{D2FE0DB9-5FD8-4E6C-B052-F1E6D543DA00}"
EndProject
Project("{9A19103F-16F7-4668-BE54-9A1E7A4F7556}") = "Module API", "Module API\Module API.csproj", "{5B046B8A-37F4-4297-BECB-FF6F83EDE35E}"
EndProject
Project("{9A19103F-16F7-4668-BE54-9A1E7A4F7556}") = "Courses API", "Courses API\Courses API.csproj", "{B584C53E-3047-4EB8-BEE0-5834FBBA34F2}"
EndProject
Project("{9A19103F-16F7-4668-BE54-9A1E7A4F7556}") = "BackendApi", "Backend Api\BackendApi.csproj", "{DBF9ACAA-FEC8-4913-8F05-D3B030C80878}"
EndProject
Project("{9A19103F-16F7-4668-BE54-9A1E7A4F7556}") = "Cofoundry.Samples.SimpleSite", "CoFoundry\Cofoundry.Samples.SimpleSite.csproj", "{D2A5F054-07AA-43CB-8A57-A824E4AB3025}"
EndProject
Global
	GlobalSection(SolutionConfigurationPlatforms) = preSolution
		Debug|Any CPU = Debug|Any CPU
		Release|Any CPU = Release|Any CPU
	EndGlobalSection
	GlobalSection(ProjectConfigurationPlatforms) = postSolution
		{D2FE0DB9-5FD8-4E6C-B052-F1E6D543DA00}.Debug|Any CPU.ActiveCfg = Debug|Any CPU
		{D2FE0DB9-5FD8-4E6C-B052-F1E6D543DA00}.Debug|Any CPU.Build.0 = Debug|Any CPU
		{D2FE0DB9-5FD8-4E6C-B052-F1E6D543DA00}.Release|Any CPU.ActiveCfg = Release|Any CPU
		{D2FE0DB9-5FD8-4E6C-B052-F1E6D543DA00}.Release|Any CPU.Build.0 = Release|Any CPU
		{5B046B8A-37F4-4297-BECB-FF6F83EDE35E}.Debug|Any CPU.ActiveCfg = Debug|Any CPU
		{5B046B8A-37F4-4297-BECB-FF6F83EDE35E}.Debug|Any CPU.Build.0 = Debug|Any CPU
		{5B046B8A-37F4-4297-BECB-FF6F83EDE35E}.Release|Any CPU.ActiveCfg = Release|Any CPU
		{5B046B8A-37F4-4297-BECB-FF6F83EDE35E}.Release|Any CPU.Build.0 = Release|Any CPU
		{B584C53E-3047-4EB8-BEE0-5834FBBA34F2}.Debug|Any CPU.ActiveCfg = Debug|Any CPU
		{B584C53E-3047-4EB8-BEE0-5834FBBA34F2}.Debug|Any CPU.Build.0 = Debug|Any CPU
		{B584C53E-3047-4EB8-BEE0-5834FBBA34F2}.Release|Any CPU.ActiveCfg = Release|Any CPU
		{B584C53E-3047-4EB8-BEE0-5834FBBA34F2}.Release|Any CPU.Build.0 = Release|Any CPU
		{DBF9ACAA-FEC8-4913-8F05-D3B030C80878}.Debug|Any CPU.ActiveCfg = Debug|Any CPU
		{DBF9ACAA-FEC8-4913-8F05-D3B030C80878}.Debug|Any CPU.Build.0 = Debug|Any CPU
		{DBF9ACAA-FEC8-4913-8F05-D3B030C80878}.Release|Any CPU.ActiveCfg = Release|Any CPU
		{DBF9ACAA-FEC8-4913-8F05-D3B030C80878}.Release|Any CPU.Build.0 = Release|Any CPU
		{D2A5F054-07AA-43CB-8A57-A824E4AB3025}.Debug|Any CPU.ActiveCfg = Debug|Any CPU
		{D2A5F054-07AA-43CB-8A57-A824E4AB3025}.Debug|Any CPU.Build.0 = Debug|Any CPU
		{D2A5F054-07AA-43CB-8A57-A824E4AB3025}.Release|Any CPU.ActiveCfg = Release|Any CPU
		{D2A5F054-07AA-43CB-8A57-A824E4AB3025}.Release|Any CPU.Build.0 = Release|Any CPU
	EndGlobalSection
	GlobalSection(SolutionProperties) = preSolution
		HideSolutionNode = FALSE
	EndGlobalSection
	GlobalSection(ExtensibilityGlobals) = postSolution
		SolutionGuid = {4303DA72-DDB7-4785-9FF0-8CB427C9B48A}
	EndGlobalSection
EndGlobal
